
Microsoft Visual Studio Solution File, Format Version 12.00
# Visual Studio Version 16
VisualStudioVersion = 16.0.31424.327
MinimumVisualStudioVersion = 10.0.40219.1
Project("{FAE04EC0-301F-11D3-BF4B-00C04F79EFBC}") = "BRP-Day10", "BRP-Day10\BRP-Day10.csproj", "{66B06578-1744-408F-ABB7-F33655D92C6A}"
EndProject
Global
	GlobalSection(SolutionConfigurationPlatforms) = preSolution
		Debug|Any CPU = Debug|Any CPU
		Release|Any CPU = Release|Any CPU
	EndGlobalSection
	GlobalSection(ProjectConfigurationPlatforms) = postSolution
		{66B06578-1744-408F-ABB7-F33655D92C6A}.Debug|Any CPU.ActiveCfg = Debug|Any CPU
		{66B06578-1744-408F-ABB7-F33655D92C6A}.Debug|Any CPU.Build.0 = Debug|Any CPU
		{66B06578-1744-408F-ABB7-F33655D92C6A}.Release|Any CPU.ActiveCfg = Release|Any CPU
		{66B06578-1744-408F-ABB7-F33655D92C6A}.Release|Any CPU.Build.0 = Release|Any CPU
	EndGlobalSection
	GlobalSection(SolutionProperties) = preSolution
		HideSolutionNode = FALSE
	EndGlobalSection
	GlobalSection(ExtensibilityGlobals) = postSolution
		SolutionGuid = {D592DBD0-F802-4950-85FA-3B52B35FCC51}
	EndGlobalSection
EndGlobal
